
Microsoft Visual Studio Solution File, Format Version 12.00
# Visual Studio Version 16
VisualStudioVersion = 16.0.30717.126
MinimumVisualStudioVersion = 10.0.40219.1
Project("{FAE04EC0-301F-11D3-BF4B-00C04F79EFBC}") = "Projekt Hackathon", "Projekt Hackathon\Projekt Hackathon.csproj", "{55CCF9D1-0100-4882-85D2-C6AA15EC9838}"
EndProject
Global
	GlobalSection(SolutionConfigurationPlatforms) = preSolution
		Debug|Any CPU = Debug|Any CPU
		Release|Any CPU = Release|Any CPU
	EndGlobalSection
	GlobalSection(ProjectConfigurationPlatforms) = postSolution
		{55CCF9D1-0100-4882-85D2-C6AA15EC9838}.Debug|Any CPU.ActiveCfg = Debug|Any CPU
		{55CCF9D1-0100-4882-85D2-C6AA15EC9838}.Debug|Any CPU.Build.0 = Debug|Any CPU
		{55CCF9D1-0100-4882-85D2-C6AA15EC9838}.Release|Any CPU.ActiveCfg = Release|Any CPU
		{55CCF9D1-0100-4882-85D2-C6AA15EC9838}.Release|Any CPU.Build.0 = Release|Any CPU
	EndGlobalSection
	GlobalSection(SolutionProperties) = preSolution
		HideSolutionNode = FALSE
	EndGlobalSection
	GlobalSection(ExtensibilityGlobals) = postSolution
		SolutionGuid = {A49F004A-91CB-48FF-A34B-93B366B3142C}
	EndGlobalSection
EndGlobal
